
Microsoft Visual Studio Solution File, Format Version 12.00
# Visual Studio 15
Project("{FAE04EC0-301F-11D3-BF4B-00C04F79EFBC}") = "DrugAlarm.Android", "DrugAlarm.Android\DrugAlarm.Android.csproj", "{7CAAAADB-3920-41A2-9FDB-7C3166E40942}"
EndProject
Project("{FAE04EC0-301F-11D3-BF4B-00C04F79EFBC}") = "DrugAlarm.iOS", "DrugAlarm.iOS\DrugAlarm.iOS.csproj", "{26E2FD8D-9DA8-444E-B134-E42B5A033E6C}"
EndProject
Project("{FAE04EC0-301F-11D3-BF4B-00C04F79EFBC}") = "DrugAlarm", "DrugAlarm\DrugAlarm.csproj", "{6B6CC1BE-4D71-4D37-8F82-DDF98A712AC3}"
EndProject
Global
	GlobalSection(SolutionConfigurationPlatforms) = preSolution
		Debug|Any CPU = Debug|Any CPU
		Release|Any CPU = Release|Any CPU
		Debug|iPhoneSimulator = Debug|iPhoneSimulator
		Release|iPhoneSimulator = Release|iPhoneSimulator
		Debug|iPhone = Debug|iPhone
		Release|iPhone = Release|iPhone
		Ad-Hoc|iPhone = Ad-Hoc|iPhone
		AppStore|iPhone = AppStore|iPhone
	EndGlobalSection
	GlobalSection(ProjectConfigurationPlatforms) = postSolution
		{7CAAAADB-3920-41A2-9FDB-7C3166E40942}.Debug|Any CPU.ActiveCfg = Debug|Any CPU
		{7CAAAADB-3920-41A2-9FDB-7C3166E40942}.Debug|Any CPU.Build.0 = Debug|Any CPU
		{7CAAAADB-3920-41A2-9FDB-7C3166E40942}.Release|Any CPU.ActiveCfg = Release|Any CPU
		{7CAAAADB-3920-41A2-9FDB-7C3166E40942}.Release|Any CPU.Build.0 = Release|Any CPU
		{7CAAAADB-3920-41A2-9FDB-7C3166E40942}.Debug|iPhoneSimulator.ActiveCfg = Debug|Any CPU
		{7CAAAADB-3920-41A2-9FDB-7C3166E40942}.Debug|iPhoneSimulator.Build.0 = Debug|Any CPU
		{7CAAAADB-3920-41A2-9FDB-7C3166E40942}.Release|iPhoneSimulator.ActiveCfg = Release|Any CPU
		{7CAAAADB-3920-41A2-9FDB-7C3166E40942}.Release|iPhoneSimulator.Build.0 = Release|Any CPU
		{7CAAAADB-3920-41A2-9FDB-7C3166E40942}.Debug|iPhone.ActiveCfg = Debug|Any CPU
		{7CAAAADB-3920-41A2-9FDB-7C3166E40942}.Debug|iPhone.Build.0 = Debug|Any CPU
		{7CAAAADB-3920-41A2-9FDB-7C3166E40942}.Release|iPhone.ActiveCfg = Release|Any CPU
		{7CAAAADB-3920-41A2-9FDB-7C3166E40942}.Release|iPhone.Build.0 = Release|Any CPU
		{7CAAAADB-3920-41A2-9FDB-7C3166E40942}.Ad-Hoc|iPhone.ActiveCfg = Debug|Any CPU
		{7CAAAADB-3920-41A2-9FDB-7C3166E40942}.Ad-Hoc|iPhone.Build.0 = Debug|Any CPU
		{7CAAAADB-3920-41A2-9FDB-7C3166E40942}.AppStore|iPhone.ActiveCfg = Debug|Any CPU
		{7CAAAADB-3920-41A2-9FDB-7C3166E40942}.AppStore|iPhone.Build.0 = Debug|Any CPU
		{26E2FD8D-9DA8-444E-B134-E42B5A033E6C}.Debug|Any CPU.ActiveCfg = Debug|iPhoneSimulator
		{26E2FD8D-9DA8-444E-B134-E42B5A033E6C}.Debug|Any CPU.Build.0 = Debug|iPhoneSimulator
		{26E2FD8D-9DA8-444E-B134-E42B5A033E6C}.Release|Any CPU.ActiveCfg = Release|iPhoneSimulator
		{26E2FD8D-9DA8-444E-B134-E42B5A033E6C}.Release|Any CPU.Build.0 = Release|iPhoneSimulator
		{26E2FD8D-9DA8-444E-B134-E42B5A033E6C}.Debug|iPhoneSimulator.ActiveCfg = Debug|iPhoneSimulator
		{26E2FD8D-9DA8-444E-B134-E42B5A033E6C}.Debug|iPhoneSimulator.Build.0 = Debug|iPhoneSimulator
		{26E2FD8D-9DA8-444E-B134-E42B5A033E6C}.Release|iPhoneSimulator.ActiveCfg = Release|iPhoneSimulator
		{26E2FD8D-9DA8-444E-B134-E42B5A033E6C}.Release|iPhoneSimulator.Build.0 = Release|iPhoneSimulator
		{26E2FD8D-9DA8-444E-B134-E42B5A033E6C}.Debug|iPhone.ActiveCfg = Debug|iPhone
		{26E2FD8D-9DA8-444E-B134-E42B5A033E6C}.Debug|iPhone.Build.0 = Debug|iPhone
		{26E2FD8D-9DA8-444E-B134-E42B5A033E6C}.Release|iPhone.ActiveCfg = Release|iPhone
		{26E2FD8D-9DA8-444E-B134-E42B5A033E6C}.Release|iPhone.Build.0 = Release|iPhone
		{26E2FD8D-9DA8-444E-B134-E42B5A033E6C}.Ad-Hoc|iPhone.ActiveCfg = Ad-Hoc|iPhone
		{26E2FD8D-9DA8-444E-B134-E42B5A033E6C}.Ad-Hoc|iPhone.Build.0 = Ad-Hoc|iPhone
		{26E2FD8D-9DA8-444E-B134-E42B5A033E6C}.AppStore|iPhone.ActiveCfg = AppStore|iPhone
		{26E2FD8D-9DA8-444E-B134-E42B5A033E6C}.AppStore|iPhone.Build.0 = AppStore|iPhone
		{6B6CC1BE-4D71-4D37-8F82-DDF98A712AC3}.Debug|Any CPU.ActiveCfg = Debug|Any CPU
		{6B6CC1BE-4D71-4D37-8F82-DDF98A712AC3}.Debug|Any CPU.Build.0 = Debug|Any CPU
		{6B6CC1BE-4D71-4D37-8F82-DDF98A712AC3}.Release|Any CPU.ActiveCfg = Release|Any CPU
		{6B6CC1BE-4D71-4D37-8F82-DDF98A712AC3}.Release|Any CPU.Build.0 = Release|Any CPU
		{6B6CC1BE-4D71-4D37-8F82-DDF98A712AC3}.Debug|iPhoneSimulator.ActiveCfg = Debug|Any CPU
		{6B6CC1BE-4D71-4D37-8F82-DDF98A712AC3}.Debug|iPhoneSimulator.Build.0 = Debug|Any CPU
		{6B6CC1BE-4D71-4D37-8F82-DDF98A712AC3}.Release|iPhoneSimulator.ActiveCfg = Release|Any CPU
		{6B6CC1BE-4D71-4D37-8F82-DDF98A712AC3}.Release|iPhoneSimulator.Build.0 = Release|Any CPU
		{6B6CC1BE-4D71-4D37-8F82-DDF98A712AC3}.Debug|iPhone.ActiveCfg = Debug|Any CPU
		{6B6CC1BE-4D71-4D37-8F82-DDF98A712AC3}.Debug|iPhone.Build.0 = Debug|Any CPU
		{6B6CC1BE-4D71-4D37-8F82-DDF98A712AC3}.Release|iPhone.ActiveCfg = Release|Any CPU
		{6B6CC1BE-4D71-4D37-8F82-DDF98A712AC3}.Release|iPhone.Build.0 = Release|Any CPU
		{6B6CC1BE-4D71-4D37-8F82-DDF98A712AC3}.Ad-Hoc|iPhone.ActiveCfg = Debug|Any CPU
		{6B6CC1BE-4D71-4D37-8F82-DDF98A712AC3}.Ad-Hoc|iPhone.Build.0 = Debug|Any CPU
		{6B6CC1BE-4D71-4D37-8F82-DDF98A712AC3}.AppStore|iPhone.ActiveCfg = Debug|Any CPU
		{6B6CC1BE-4D71-4D37-8F82-DDF98A712AC3}.AppStore|iPhone.Build.0 = Debug|Any CPU
	EndGlobalSection
EndGlobal
